
Microsoft Visual Studio Solution File, Format Version 12.00
# Visual Studio 14
VisualStudioVersion = 14.0.25420.1
MinimumVisualStudioVersion = 10.0.40219.1
Project("{E24C65DC-7377-472B-9ABA-BC803B73C61A}") = "Project(13)", "Project\", "{9E4D7D07-A890-4ECC-932F-6CBA5294471C}"
	ProjectSection(WebsiteProperties) = preProject
		TargetFrameworkMoniker = ".NETFramework,Version%3Dv4.5.2"
		Debug.AspNetCompiler.VirtualPath = "/localhost_65050"
		Debug.AspNetCompiler.PhysicalPath = "D:\task\Marry\Discovery Of Ranking Fraud of Mobile Apps\Project\"
		Debug.AspNetCompiler.TargetPath = "PrecompiledWeb\localhost_65050\"
		Debug.AspNetCompiler.Updateable = "true"
		Debug.AspNetCompiler.ForceOverwrite = "true"
		Debug.AspNetCompiler.FixedNames = "false"
		Debug.AspNetCompiler.Debug = "True"
		Release.AspNetCompiler.VirtualPath = "/localhost_65050"
		Release.AspNetCompiler.PhysicalPath = "D:\task\Marry\Discovery Of Ranking Fraud of Mobile Apps\Project\"
		Release.AspNetCompiler.TargetPath = "PrecompiledWeb\localhost_65050\"
		Release.AspNetCompiler.Updateable = "true"
		Release.AspNetCompiler.ForceOverwrite = "true"
		Release.AspNetCompiler.FixedNames = "false"
		Release.AspNetCompiler.Debug = "False"
		VWDPort = "65050"
	EndProjectSection
EndProject
Global
	GlobalSection(SolutionConfigurationPlatforms) = preSolution
		Debug|Any CPU = Debug|Any CPU
	EndGlobalSection
	GlobalSection(ProjectConfigurationPlatforms) = postSolution
		{9E4D7D07-A890-4ECC-932F-6CBA5294471C}.Debug|Any CPU.ActiveCfg = Debug|Any CPU
		{9E4D7D07-A890-4ECC-932F-6CBA5294471C}.Debug|Any CPU.Build.0 = Debug|Any CPU
	EndGlobalSection
	GlobalSection(SolutionProperties) = preSolution
		HideSolutionNode = FALSE
	EndGlobalSection
EndGlobal
